<?xml version="1.0" encoding="utf-8"?>
<Project ToolsVersion="4.0" xmlns="http://schemas.microsoft.com/developer/msbuild/2003">
  <ItemGroup>
    <Filter Include="PrecompiledHeader">
      <UniqueIdentifier>{83c467ed-fb37-4d04-baab-e837ffd1c636}</UniqueIdentifier>
    </Filter>
    <Filter Include="MessageTypes">
      <UniqueIdentifier>{cc23751e-ccb5-48fa-95dd-d50be8823eb0}</UniqueIdentifier>
    </Filter>
  </ItemGroup>
  <ItemGroup>
    <ClInclude Include="targetver.h">
      <Filter>PrecompiledHeader</Filter>
    </ClInclude>
    <ClInclude Include="stdafx.h">
      <Filter>PrecompiledHeader</Filter>
    </ClInclude>
    <ClInclude Include="CommonNetworkIncludes.h" />
    <ClInclude Include="CommonErrorHandling.h" />
    <ClInclude Include="Utilities.h" />
    <ClInclude Include="SerializeHelper.h" />
    <ClInclude Include="NetMessageManager.h" />
    <ClInclude Include="NetDisconnectMessage.h">
      <Filter>MessageTypes</Filter>
    </ClInclude>
    <ClInclude Include="NetMessage.h">
      <Filter>MessageTypes</Filter>
    </ClInclude>
    <ClInclude Include="NetMessageChatMessage.h">
      <Filter>MessageTypes</Filter>
    </ClInclude>
    <ClInclude Include="NetMessageConnect.h">
      <Filter>MessageTypes</Filter>
    </ClInclude>
    <ClInclude Include="NetMessagePing.h" />
    <ClInclude Include="NetMessagePosition.h">
      <Filter>MessageTypes</Filter>
    </ClInclude>
    <ClInclude Include="NetMessageNewClient.h">
      <Filter>MessageTypes</Filter>
    </ClInclude>
    <ClInclude Include="NetMessageNewObject.h" />
    <ClInclude Include="CnetMessageRemoveObject.h" />
  </ItemGroup>
  <ItemGroup>
    <ClCompile Include="stdafx.cpp">
      <Filter>PrecompiledHeader</Filter>
    </ClCompile>
    <ClCompile Include="Utilities.cpp" />
    <ClCompile Include="NetMessageManager.cpp" />
    <ClCompile Include="NetDisconnectMessage.cpp">
      <Filter>MessageTypes</Filter>
    </ClCompile>
    <ClCompile Include="NetMessage.cpp">
      <Filter>MessageTypes</Filter>
    </ClCompile>
    <ClCompile Include="NetMessageChatMessage.cpp">
      <Filter>MessageTypes</Filter>
    </ClCompile>
    <ClCompile Include="NetMessageConnect.cpp">
      <Filter>MessageTypes</Filter>
    </ClCompile>
    <ClCompile Include="NetMessagePing.cpp" />
    <ClCompile Include="NetMessagePosition.cpp">
      <Filter>MessageTypes</Filter>
    </ClCompile>
    <ClCompile Include="NetMessageNewClient.cpp" />
    <ClCompile Include="NetMessageNewObject.cpp" />
    <ClCompile Include="CnetMessageRemoveObject.cpp" />
  </ItemGroup>
</Project>